
Microsoft Visual Studio Solution File, Format Version 12.00
# Visual Studio Version 16
VisualStudioVersion = 16.0.30711.63
MinimumVisualStudioVersion = 10.0.40219.1
Project("{FAE04EC0-301F-11D3-BF4B-00C04F79EFBC}") = "partests", "partests\partests.csproj", "{DCFB7321-8FE9-473F-850B-7F7CB2351078}"
EndProject
Global
	GlobalSection(SolutionConfigurationPlatforms) = preSolution
		Debug|Any CPU = Debug|Any CPU
		Release|Any CPU = Release|Any CPU
	EndGlobalSection
	GlobalSection(ProjectConfigurationPlatforms) = postSolution
		{DCFB7321-8FE9-473F-850B-7F7CB2351078}.Debug|Any CPU.ActiveCfg = Debug|Any CPU
		{DCFB7321-8FE9-473F-850B-7F7CB2351078}.Debug|Any CPU.Build.0 = Debug|Any CPU
		{DCFB7321-8FE9-473F-850B-7F7CB2351078}.Release|Any CPU.ActiveCfg = Release|Any CPU
		{DCFB7321-8FE9-473F-850B-7F7CB2351078}.Release|Any CPU.Build.0 = Release|Any CPU
	EndGlobalSection
	GlobalSection(SolutionProperties) = preSolution
		HideSolutionNode = FALSE
	EndGlobalSection
	GlobalSection(ExtensibilityGlobals) = postSolution
		SolutionGuid = {7DF62EE6-3FA0-4E78-91AB-A5658C0BF3F2}
	EndGlobalSection
EndGlobal
